// !$*UTF8*$!
{
	archiveVersion = 1;
	classes = {
	};
	objectVersion = 46;
	objects = {

/* Begin PBXBuildFile section */
		D8DD35BC19C8248900EC7441 /* Foundation.framework in Frameworks */ = {isa = PBXBuildFile; fileRef = D8DD35BB19C8248900EC7441 /* Foundation.framework */; };
		D8DD35BE19C8248900EC7441 /* CoreGraphics.framework in Frameworks */ = {isa = PBXBuildFile; fileRef = D8DD35BD19C8248900EC7441 /* CoreGraphics.framework */; };
		D8DD35C019C8248900EC7441 /* UIKit.framework in Frameworks */ = {isa = PBXBuildFile; fileRef = D8DD35BF19C8248900EC7441 /* UIKit.framework */; };
		D8DD35C619C8248900EC7441 /* InfoPlist.strings in Resources */ = {isa = PBXBuildFile; fileRef = D8DD35C419C8248900EC7441 /* InfoPlist.strings */; };
		D8DD35C819C8248900EC7441 /* main.m in Sources */ = {isa = PBXBuildFile; fileRef = D8DD35C719C8248900EC7441 /* main.m */; };
		D8DD35CC19C8248900EC7441 /* WBAppDelegate.m in Sources */ = {isa = PBXBuildFile; fileRef = D8DD35CB19C8248900EC7441 /* WBAppDelegate.m */; };
		D8DD35CF19C8248900EC7441 /* Main.storyboard in Resources */ = {isa = PBXBuildFile; fileRef = D8DD35CD19C8248900EC7441 /* Main.storyboard */; };
		D8DD35D219C8248900EC7441 /* WBViewController.m in Sources */ = {isa = PBXBuildFile; fileRef = D8DD35D119C8248900EC7441 /* WBViewController.m */; };
		D8DD35D419C8248900EC7441 /* Images.xcassets in Resources */ = {isa = PBXBuildFile; fileRef = D8DD35D319C8248900EC7441 /* Images.xcassets */; };
		D8DD35DB19C8248900EC7441 /* XCTest.framework in Frameworks */ = {isa = PBXBuildFile; fileRef = D8DD35DA19C8248900EC7441 /* XCTest.framework */; };
		D8DD35DC19C8248900EC7441 /* Foundation.framework in Frameworks */ = {isa = PBXBuildFile; fileRef = D8DD35BB19C8248900EC7441 /* Foundation.framework */; };
		D8DD35DD19C8248900EC7441 /* UIKit.framework in Frameworks */ = {isa = PBXBuildFile; fileRef = D8DD35BF19C8248900EC7441 /* UIKit.framework */; };
		D8DD35E519C8248900EC7441 /* InfoPlist.strings in Resources */ = {isa = PBXBuildFile; fileRef = D8DD35E319C8248900EC7441 /* InfoPlist.strings */; };
		D8DD35E719C8248900EC7441 /* ____Tests.m in Sources */ = {isa = PBXBuildFile; fileRef = D8DD35E619C8248900EC7441 /* ____Tests.m */; };
/* End PBXBuildFile section */

/* Begin PBXContainerItemProxy section */
		D8DD35DE19C8248900EC7441 /* PBXContainerItemProxy */ = {
			isa = PBXContainerItemProxy;
			containerPortal = D8DD35B019C8248900EC7441 /* Project object */;
			proxyType = 1;
			remoteGlobalIDString = D8DD35B719C8248900EC7441;
			remoteInfo = "新浪微博";
		};
/* End PBXContainerItemProxy section */

/* Begin PBXFileReference section */
		D8DD35B819C8248900EC7441 /* 新浪微博.app */ = {isa = PBXFileReference; explicitFileType = wrapper.application; includeInIndex = 0; path = "新浪微博.app"; sourceTree = BUILT_PRODUCTS_DIR; };
		D8DD35BB19C8248900EC7441 /* Foundation.framework */ = {isa = PBXFileReference; lastKnownFileType = wrapper.framework; name = Foundation.framework; path = System/Library/Frameworks/Foundation.framework; sourceTree = SDKROOT; };
		D8DD35BD19C8248900EC7441 /* CoreGraphics.framework */ = {isa = PBXFileReference; lastKnownFileType = wrapper.framework; name = CoreGraphics.framework; path = System/Library/Frameworks/CoreGraphics.framework; sourceTree = SDKROOT; };
		D8DD35BF19C8248900EC7441 /* UIKit.framework */ = {isa = PBXFileReference; lastKnownFileType = wrapper.framework; name = UIKit.framework; path = System/Library/Frameworks/UIKit.framework; sourceTree = SDKROOT; };
		D8DD35C319C8248900EC7441 /* 新浪微博-Info.plist */ = {isa = PBXFileReference; lastKnownFileType = text.plist.xml; path = "新浪微博-Info.plist"; sourceTree = "<group>"; };
		D8DD35C519C8248900EC7441 /* en */ = {isa = PBXFileReference; lastKnownFileType = text.plist.strings; name = en; path = en.lproj/InfoPlist.strings; sourceTree = "<group>"; };
		D8DD35C719C8248900EC7441 /* main.m */ = {isa = PBXFileReference; lastKnownFileType = sourcecode.c.objc; path = main.m; sourceTree = "<group>"; };
		D8DD35C919C8248900EC7441 /* 新浪微博-Prefix.pch */ = {isa = PBXFileReference; lastKnownFileType = sourcecode.c.h; path = "新浪微博-Prefix.pch"; sourceTree = "<group>"; };
		D8DD35CA19C8248900EC7441 /* WBAppDelegate.h */ = {isa = PBXFileReference; lastKnownFileType = sourcecode.c.h; path = WBAppDelegate.h; sourceTree = "<group>"; };
		D8DD35CB19C8248900EC7441 /* WBAppDelegate.m */ = {isa = PBXFileReference; lastKnownFileType = sourcecode.c.objc; path = WBAppDelegate.m; sourceTree = "<group>"; };
		D8DD35CE19C8248900EC7441 /* Base */ = {isa = PBXFileReference; lastKnownFileType = file.storyboard; name = Base; path = Base.lproj/Main.storyboard; sourceTree = "<group>"; };
		D8DD35D019C8248900EC7441 /* WBViewController.h */ = {isa = PBXFileReference; lastKnownFileType = sourcecode.c.h; path = WBViewController.h; sourceTree = "<group>"; };
		D8DD35D119C8248900EC7441 /* WBViewController.m */ = {isa = PBXFileReference; lastKnownFileType = sourcecode.c.objc; path = WBViewController.m; sourceTree = "<group>"; };
		D8DD35D319C8248900EC7441 /* Images.xcassets */ = {isa = PBXFileReference; lastKnownFileType = folder.assetcatalog; path = Images.xcassets; sourceTree = "<group>"; };
		D8DD35D919C8248900EC7441 /* 新浪微博Tests.xctest */ = {isa = PBXFileReference; explicitFileType = wrapper.cfbundle; includeInIndex = 0; path = "新浪微博Tests.xctest"; sourceTree = BUILT_PRODUCTS_DIR; };
		D8DD35DA19C8248900EC7441 /* XCTest.framework */ = {isa = PBXFileReference; lastKnownFileType = wrapper.framework; name = XCTest.framework; path = Library/Frameworks/XCTest.framework; sourceTree = DEVELOPER_DIR; };
		D8DD35E219C8248900EC7441 /* 新浪微博Tests-Info.plist */ = {isa = PBXFileReference; lastKnownFileType = text.plist.xml; path = "新浪微博Tests-Info.plist"; sourceTree = "<group>"; };
		D8DD35E419C8248900EC7441 /* en */ = {isa = PBXFileReference; lastKnownFileType = text.plist.strings; name = en; path = en.lproj/InfoPlist.strings; sourceTree = "<group>"; };
		D8DD35E619C8248900EC7441 /* ____Tests.m */ = {isa = PBXFileReference; lastKnownFileType = sourcecode.c.objc; path = "____Tests.m"; sourceTree = "<group>"; };
/* End PBXFileReference section */

/* Begin PBXFrameworksBuildPhase section */
		D8DD35B519C8248900EC7441 /* Frameworks */ = {
			isa = PBXFrameworksBuildPhase;
			buildActionMask = 2147483647;
			files = (
				D8DD35BE19C8248900EC7441 /* CoreGraphics.framework in Frameworks */,
				D8DD35C019C8248900EC7441 /* UIKit.framework in Frameworks */,
				D8DD35BC19C8248900EC7441 /* Foundation.framework in Frameworks */,
			);
			runOnlyForDeploymentPostprocessing = 0;
		};
		D8DD35D619C8248900EC7441 /* Frameworks */ = {
			isa = PBXFrameworksBuildPhase;
			buildActionMask = 2147483647;
			files = (
				D8DD35DB19C8248900EC7441 /* XCTest.framework in Frameworks */,
				D8DD35DD19C8248900EC7441 /* UIKit.framework in Frameworks */,
				D8DD35DC19C8248900EC7441 /* Foundation.framework in Frameworks */,
			);
			runOnlyForDeploymentPostprocessing = 0;
		};
/* End PBXFrameworksBuildPhase section */

/* Begin PBXGroup section */
		D8DD35AF19C8248900EC7441 = {
			isa = PBXGroup;
			children = (
				D8DD35C119C8248900EC7441 /* 新浪微博 */,
				D8DD35E019C8248900EC7441 /* 新浪微博Tests */,
				D8DD35BA19C8248900EC7441 /* Frameworks */,
				D8DD35B919C8248900EC7441 /* Products */,
			);
			sourceTree = "<group>";
		};
		D8DD35B919C8248900EC7441 /* Products */ = {
			isa = PBXGroup;
			children = (
				D8DD35B819C8248900EC7441 /* 新浪微博.app */,
				D8DD35D919C8248900EC7441 /* 新浪微博Tests.xctest */,
			);
			name = Products;
			sourceTree = "<group>";
		};
		D8DD35BA19C8248900EC7441 /* Frameworks */ = {
			isa = PBXGroup;
			children = (
				D8DD35BB19C8248900EC7441 /* Foundation.framework */,
				D8DD35BD19C8248900EC7441 /* CoreGraphics.framework */,
				D8DD35BF19C8248900EC7441 /* UIKit.framework */,
				D8DD35DA19C8248900EC7441 /* XCTest.framework */,
			);
			name = Frameworks;
			sourceTree = "<group>";
		};
		D8DD35C119C8248900EC7441 /* 新浪微博 */ = {
			isa = PBXGroup;
			children = (
				D8DD35CA19C8248900EC7441 /* WBAppDelegate.h */,
				D8DD35CB19C8248900EC7441 /* WBAppDelegate.m */,
				D8DD35CD19C8248900EC7441 /* Main.storyboard */,
				D8DD35D019C8248900EC7441 /* WBViewController.h */,
				D8DD35D119C8248900EC7441 /* WBViewController.m */,
				D8DD35D319C8248900EC7441 /* Images.xcassets */,
				D8DD35C219C8248900EC7441 /* Supporting Files */,
			);
			path = "新浪微博";
			sourceTree = "<group>";
		};
		D8DD35C219C8248900EC7441 /* Supporting Files */ = {
			isa = PBXGroup;
			children = (
				D8DD35C319C8248900EC7441 /* 新浪微博-Info.plist */,
				D8DD35C419C8248900EC7441 /* InfoPlist.strings */,
				D8DD35C719C8248900EC7441 /* main.m */,
				D8DD35C919C8248900EC7441 /* 新浪微博-Prefix.pch */,
			);
			name = "Supporting Files";
			sourceTree = "<group>";
		};
		D8DD35E019C8248900EC7441 /* 新浪微博Tests */ = {
			isa = PBXGroup;
			children = (
				D8DD35E619C8248900EC7441 /* ____Tests.m */,
				D8DD35E119C8248900EC7441 /* Supporting Files */,
			);
			path = "新浪微博Tests";
			sourceTree = "<group>";
		};
		D8DD35E119C8248900EC7441 /* Supporting Files */ = {
			isa = PBXGroup;
			children = (
				D8DD35E219C8248900EC7441 /* 新浪微博Tests-Info.plist */,
				D8DD35E319C8248900EC7441 /* InfoPlist.strings */,
			);
			name = "Supporting Files";
			sourceTree = "<group>";
		};
/* End PBXGroup section */

/* Begin PBXNativeTarget section */
		D8DD35B719C8248900EC7441 /* 新浪微博 */ = {
			isa = PBXNativeTarget;
			buildConfigurationList = D8DD35EA19C8248900EC7441 /* Build configuration list for PBXNativeTarget "新浪微博" */;
			buildPhases = (
				D8DD35B419C8248900EC7441 /* Sources */,
				D8DD35B519C8248900EC7441 /* Frameworks */,
				D8DD35B619C8248900EC7441 /* Resources */,
			);
			buildRules = (
			);
			dependencies = (
			);
			name = "新浪微博";
			productName = "新浪微博";
			productReference = D8DD35B819C8248900EC7441 /* 新浪微博.app */;
			productType = "com.apple.product-type.application";
		};
		D8DD35D819C8248900EC7441 /* 新浪微博Tests */ = {
			isa = PBXNativeTarget;
			buildConfigurationList = D8DD35ED19C8248900EC7441 /* Build configuration list for PBXNativeTarget "新浪微博Tests" */;
			buildPhases = (
				D8DD35D519C8248900EC7441 /* Sources */,
				D8DD35D619C8248900EC7441 /* Frameworks */,
				D8DD35D719C8248900EC7441 /* Resources */,
			);
			buildRules = (
			);
			dependencies = (
				D8DD35DF19C8248900EC7441 /* PBXTargetDependency */,
			);
			name = "新浪微博Tests";
			productName = "新浪微博Tests";
			productReference = D8DD35D919C8248900EC7441 /* 新浪微博Tests.xctest */;
			productType = "com.apple.product-type.bundle.unit-test";
		};
/* End PBXNativeTarget section */

/* Begin PBXProject section */
		D8DD35B019C8248900EC7441 /* Project object */ = {
			isa = PBXProject;
			attributes = {
				CLASSPREFIX = WB;
				LastUpgradeCheck = 0510;
				ORGANIZATIONNAME = BK;
				TargetAttributes = {
					D8DD35D819C8248900EC7441 = {
						TestTargetID = D8DD35B719C8248900EC7441;
					};
				};
			};
			buildConfigurationList = D8DD35B319C8248900EC7441 /* Build configuration list for PBXProject "新浪微博" */;
			compatibilityVersion = "Xcode 3.2";
			developmentRegion = English;
			hasScannedForEncodings = 0;
			knownRegions = (
				en,
				Base,
			);
			mainGroup = D8DD35AF19C8248900EC7441;
			productRefGroup = D8DD35B919C8248900EC7441 /* Products */;
			projectDirPath = "";
			projectRoot = "";
			targets = (
				D8DD35B719C8248900EC7441 /* 新浪微博 */,
				D8DD35D819C8248900EC7441 /* 新浪微博Tests */,
			);
		};
/* End PBXProject section */

/* Begin PBXResourcesBuildPhase section */
		D8DD35B619C8248900EC7441 /* Resources */ = {
			isa = PBXResourcesBuildPhase;
			buildActionMask = 2147483647;
			files = (
				D8DD35D419C8248900EC7441 /* Images.xcassets in Resources */,
				D8DD35C619C8248900EC7441 /* InfoPlist.strings in Resources */,
				D8DD35CF19C8248900EC7441 /* Main.storyboard in Resources */,
			);
			runOnlyForDeploymentPostprocessing = 0;
		};
		D8DD35D719C8248900EC7441 /* Resources */ = {
			isa = PBXResourcesBuildPhase;
			buildActionMask = 2147483647;
			files = (
				D8DD35E519C8248900EC7441 /* InfoPlist.strings in Resources */,
			);
			runOnlyForDeploymentPostprocessing = 0;
		};
/* End PBXResourcesBuildPhase section */

/* Begin PBXSourcesBuildPhase section */
		D8DD35B419C8248900EC7441 /* Sources */ = {
			isa = PBXSourcesBuildPhase;
			buildActionMask = 2147483647;
			files = (
				D8DD35D219C8248900EC7441 /* WBViewController.m in Sources */,
				D8DD35C819C8248900EC7441 /* main.m in Sources */,
				D8DD35CC19C8248900EC7441 /* WBAppDelegate.m in Sources */,
			);
			runOnlyForDeploymentPostprocessing = 0;
		};
		D8DD35D519C8248900EC7441 /* Sources */ = {
			isa = PBXSourcesBuildPhase;
			buildActionMask = 2147483647;
			files = (
				D8DD35E719C8248900EC7441 /* ____Tests.m in Sources */,
			);
			runOnlyForDeploymentPostprocessing = 0;
		};
/* End PBXSourcesBuildPhase section */

/* Begin PBXTargetDependency section */
		D8DD35DF19C8248900EC7441 /* PBXTargetDependency */ = {
			isa = PBXTargetDependency;
			target = D8DD35B719C8248900EC7441 /* 新浪微博 */;
			targetProxy = D8DD35DE19C8248900EC7441 /* PBXContainerItemProxy */;
		};
/* End PBXTargetDependency section */

/* Begin PBXVariantGroup section */
		D8DD35C419C8248900EC7441 /* InfoPlist.strings */ = {
			isa = PBXVariantGroup;
			children = (
				D8DD35C519C8248900EC7441 /* en */,
			);
			name = InfoPlist.strings;
			sourceTree = "<group>";
		};
		D8DD35CD19C8248900EC7441 /* Main.storyboard */ = {
			isa = PBXVariantGroup;
			children = (
				D8DD35CE19C8248900EC7441 /* Base */,
			);
			name = Main.storyboard;
			sourceTree = "<group>";
		};
		D8DD35E319C8248900EC7441 /* InfoPlist.strings */ = {
			isa = PBXVariantGroup;
			children = (
				D8DD35E419C8248900EC7441 /* en */,
			);
			name = InfoPlist.strings;
			sourceTree = "<group>";
		};
/* End PBXVariantGroup section */

/* Begin XCBuildConfiguration section */
		D8DD35E819C8248900EC7441 /* Debug */ = {
			isa = XCBuildConfiguration;
			buildSettings = {
				ALWAYS_SEARCH_USER_PATHS = NO;
				CLANG_CXX_LANGUAGE_STANDARD = "gnu++0x";
				CLANG_CXX_LIBRARY = "libc++";
				CLANG_ENABLE_MODULES = YES;
				CLANG_ENABLE_OBJC_ARC = YES;
				CLANG_WARN_BOOL_CONVERSION = YES;
				CLANG_WARN_CONSTANT_CONVERSION = YES;
				CLANG_WARN_DIRECT_OBJC_ISA_USAGE = YES_ERROR;
				CLANG_WARN_EMPTY_BODY = YES;
				CLANG_WARN_ENUM_CONVERSION = YES;
				CLANG_WARN_INT_CONVERSION = YES;
				CLANG_WARN_OBJC_ROOT_CLASS = YES_ERROR;
				CLANG_WARN__DUPLICATE_METHOD_MATCH = YES;
				"CODE_SIGN_IDENTITY[sdk=iphoneos*]" = "iPhone Developer";
				COPY_PHASE_STRIP = NO;
				GCC_C_LANGUAGE_STANDARD = gnu99;
				GCC_DYNAMIC_NO_PIC = NO;
				GCC_OPTIMIZATION_LEVEL = 0;
				GCC_PREPROCESSOR_DEFINITIONS = (
					"DEBUG=1",
					"$(inherited)",
				);
				GCC_SYMBOLS_PRIVATE_EXTERN = NO;
				GCC_WARN_64_TO_32_BIT_CONVERSION = YES;
				GCC_WARN_ABOUT_RETURN_TYPE = YES_ERROR;
				GCC_WARN_UNDECLARED_SELECTOR = YES;
				GCC_WARN_UNINITIALIZED_AUTOS = YES_AGGRESSIVE;
				GCC_WARN_UNUSED_FUNCTION = YES;
				GCC_WARN_UNUSED_VARIABLE = YES;
				IPHONEOS_DEPLOYMENT_TARGET = 7.1;
				ONLY_ACTIVE_ARCH = YES;
				SDKROOT = iphoneos;
			};
			name = Debug;
		};
		D8DD35E919C8248900EC7441 /* Release */ = {
			isa = XCBuildConfiguration;
			buildSettings = {
				ALWAYS_SEARCH_USER_PATHS = NO;
				CLANG_CXX_LANGUAGE_STANDARD = "gnu++0x";
				CLANG_CXX_LIBRARY = "libc++";
				CLANG_ENABLE_MODULES = YES;
				CLANG_ENABLE_OBJC_ARC = YES;
				CLANG_WARN_BOOL_CONVERSION = YES;
				CLANG_WARN_CONSTANT_CONVERSION = YES;
				CLANG_WARN_DIRECT_OBJC_ISA_USAGE = YES_ERROR;
				CLANG_WARN_EMPTY_BODY = YES;
				CLANG_WARN_ENUM_CONVERSION = YES;
				CLANG_WARN_INT_CONVERSION = YES;
				CLANG_WARN_OBJC_ROOT_CLASS = YES_ERROR;
				CLANG_WARN__DUPLICATE_METHOD_MATCH = YES;
				"CODE_SIGN_IDENTITY[sdk=iphoneos*]" = "iPhone Developer";
				COPY_PHASE_STRIP = YES;
				ENABLE_NS_ASSERTIONS = NO;
				GCC_C_LANGUAGE_STANDARD = gnu99;
				GCC_WARN_64_TO_32_BIT_CONVERSION = YES;
				GCC_WARN_ABOUT_RETURN_TYPE = YES_ERROR;
				GCC_WARN_UNDECLARED_SELECTOR = YES;
				GCC_WARN_UNINITIALIZED_AUTOS = YES_AGGRESSIVE;
				GCC_WARN_UNUSED_FUNCTION = YES;
				GCC_WARN_UNUSED_VARIABLE = YES;
				IPHONEOS_DEPLOYMENT_TARGET = 7.1;
				SDKROOT = iphoneos;
				VALIDATE_PRODUCT = YES;
			};
			name = Release;
		};
		D8DD35EB19C8248900EC7441 /* Debug */ = {
			isa = XCBuildConfiguration;
			buildSettings = {
				ASSETCATALOG_COMPILER_APPICON_NAME = AppIcon;
				ASSETCATALOG_COMPILER_LAUNCHIMAGE_NAME = LaunchImage;
				GCC_PRECOMPILE_PREFIX_HEADER = YES;
				GCC_PREFIX_HEADER = "新浪微博/新浪微博-Prefix.pch";
				INFOPLIST_FILE = "新浪微博/新浪微博-Info.plist";
				PRODUCT_NAME = "$(TARGET_NAME)";
				WRAPPER_EXTENSION = app;
			};
			name = Debug;
		};
		D8DD35EC19C8248900EC7441 /* Release */ = {
			isa = XCBuildConfiguration;
			buildSettings = {
				ASSETCATALOG_COMPILER_APPICON_NAME = AppIcon;
				ASSETCATALOG_COMPILER_LAUNCHIMAGE_NAME = LaunchImage;
				GCC_PRECOMPILE_PREFIX_HEADER = YES;
				GCC_PREFIX_HEADER = "新浪微博/新浪微博-Prefix.pch";
				INFOPLIST_FILE = "新浪微博/新浪微博-Info.plist";
				PRODUCT_NAME = "$(TARGET_NAME)";
				WRAPPER_EXTENSION = app;
			};
			name = Release;
		};
		D8DD35EE19C8248900EC7441 /* Debug */ = {
			isa = XCBuildConfiguration;
			buildSettings = {
				BUNDLE_LOADER = "$(BUILT_PRODUCTS_DIR)/新浪微博.app/新浪微博";
				FRAMEWORK_SEARCH_PATHS = (
					"$(SDKROOT)/Developer/Library/Frameworks",
					"$(inherited)",
					"$(DEVELOPER_FRAMEWORKS_DIR)",
				);
				GCC_PRECOMPILE_PREFIX_HEADER = YES;
				GCC_PREFIX_HEADER = "新浪微博/新浪微博-Prefix.pch";
				GCC_PREPROCESSOR_DEFINITIONS = (
					"DEBUG=1",
					"$(inherited)",
				);
				INFOPLIST_FILE = "新浪微博Tests/新浪微博Tests-Info.plist";
				PRODUCT_NAME = "$(TARGET_NAME)";
				TEST_HOST = "$(BUNDLE_LOADER)";
				WRAPPER_EXTENSION = xctest;
			};
			name = Debug;
		};
		D8DD35EF19C8248900EC7441 /* Release */ = {
			isa = XCBuildConfiguration;
			buildSettings = {
				BUNDLE_LOADER = "$(BUILT_PRODUCTS_DIR)/新浪微博.app/新浪微博";
				FRAMEWORK_SEARCH_PATHS = (
					"$(SDKROOT)/Developer/Library/Frameworks",
					"$(inherited)",
					"$(DEVELOPER_FRAMEWORKS_DIR)",
				);
				GCC_PRECOMPILE_PREFIX_HEADER = YES;
				GCC_PREFIX_HEADER = "新浪微博/新浪微博-Prefix.pch";
				INFOPLIST_FILE = "新浪微博Tests/新浪微博Tests-Info.plist";
				PRODUCT_NAME = "$(TARGET_NAME)";
				TEST_HOST = "$(BUNDLE_LOADER)";
				WRAPPER_EXTENSION = xctest;
			};
			name = Release;
		};
/* End XCBuildConfiguration section */

/* Begin XCConfigurationList section */
		D8DD35B319C8248900EC7441 /* Build configuration list for PBXProject "新浪微博" */ = {
			isa = XCConfigurationList;
			buildConfigurations = (
				D8DD35E819C8248900EC7441 /* Debug */,
				D8DD35E919C8248900EC7441 /* Release */,
			);
			defaultConfigurationIsVisible = 0;
			defaultConfigurationName = Release;
		};
		D8DD35EA19C8248900EC7441 /* Build configuration list for PBXNativeTarget "新浪微博" */ = {
			isa = XCConfigurationList;
			buildConfigurations = (
				D8DD35EB19C8248900EC7441 /* Debug */,
				D8DD35EC19C8248900EC7441 /* Release */,
			);
			defaultConfigurationIsVisible = 0;
		};
		D8DD35ED19C8248900EC7441 /* Build configuration list for PBXNativeTarget "新浪微博Tests" */ = {
			isa = XCConfigurationList;
			buildConfigurations = (
				D8DD35EE19C8248900EC7441 /* Debug */,
				D8DD35EF19C8248900EC7441 /* Release */,
			);
			defaultConfigurationIsVisible = 0;
		};
/* End XCConfigurationList section */
	};
	rootObject = D8DD35B019C8248900EC7441 /* Project object */;
}
